%{
  "bunt": {:hex, :bunt, "1.0.0", "081c2c665f086849e6d57900292b3a161727ab40431219529f13c4ddcf3e7a44", [:mix], [], "hexpm", "dc5f86aa08a5f6fa6b8096f0735c4e76d54ae5c9fa2c143e5a1fc7c1cd9bb6b5"},
  "protobuf": {:hex, :protobuf, "0.17.1", "5c058a4abbdf3c094bbdab142022b22950dd25214fcfdc624ae9bf0c60f9346f", [:mix], [{:jason, "~> 1.2", [hex: :jason, repo: "hexpm", optional: true]}], "hexpm", "76770ecda0ef057e540932f15b5a143ba8877875e88727f53429a7dc4dbf8b6c"},
}
